
Microsoft Visual Studio Solution File, Format Version 12.00
# Visual Studio Version 16
VisualStudioVersion = 16.0.31624.102
MinimumVisualStudioVersion = 10.0.40219.1
Project("{FAE04EC0-301F-11D3-BF4B-00C04F79EFBC}") = "FIFA4-Miniface-Changer", "FIFA4-Miniface-Changer\FIFA4-Miniface-Changer.csproj", "{FE930A15-A01C-493F-BEAD-889E829FC313}"
EndProject
Global
	GlobalSection(SolutionConfigurationPlatforms) = preSolution
		Debug|Any CPU = Debug|Any CPU
		Release|Any CPU = Release|Any CPU
	EndGlobalSection
	GlobalSection(ProjectConfigurationPlatforms) = postSolution
		{FE930A15-A01C-493F-BEAD-889E829FC313}.Debug|Any CPU.ActiveCfg = Release|Any CPU
		{FE930A15-A01C-493F-BEAD-889E829FC313}.Debug|Any CPU.Build.0 = Release|Any CPU
		{FE930A15-A01C-493F-BEAD-889E829FC313}.Release|Any CPU.ActiveCfg = Release|Any CPU
		{FE930A15-A01C-493F-BEAD-889E829FC313}.Release|Any CPU.Build.0 = Release|Any CPU
	EndGlobalSection
	GlobalSection(SolutionProperties) = preSolution
		HideSolutionNode = FALSE
	EndGlobalSection
	GlobalSection(ExtensibilityGlobals) = postSolution
		SolutionGuid = {7CE61C0F-4156-4943-93AD-CF98A2628661}
	EndGlobalSection
EndGlobal
